
Microsoft Visual Studio Solution File, Format Version 12.00
# Visual Studio 15
VisualStudioVersion = 15.0.26730.16
MinimumVisualStudioVersion = 10.0.40219.1
Project("{FAE04EC0-301F-11D3-BF4B-00C04F79EFBC}") = "AAF.Library", "AAF.Library\AAF.Library.csproj", "{B9D8C0E4-1646-4373-96EC-B3B00C5977AD}"
EndProject
Project("{FAE04EC0-301F-11D3-BF4B-00C04F79EFBC}") = "AAF.Test", "AAF.Test\AAF.Test.csproj", "{00EAA4C9-5123-47DA-8134-3DA2EE69BA49}"
EndProject
Project("{FAE04EC0-301F-11D3-BF4B-00C04F79EFBC}") = "AAF.ViewModel", "AAF.ViewModel\AAF.ViewModel.csproj", "{17548973-0FFE-4179-B5D2-A8091A3E59BA}"
EndProject
Project("{FAE04EC0-301F-11D3-BF4B-00C04F79EFBC}") = "AAF.Demo", "AAF.Demo\AAF.Demo.csproj", "{006B3BE8-509C-4DAD-B200-2CD2E9238D99}"
EndProject
Global
	GlobalSection(SolutionConfigurationPlatforms) = preSolution
		Debug|Any CPU = Debug|Any CPU
		Release|Any CPU = Release|Any CPU
	EndGlobalSection
	GlobalSection(ProjectConfigurationPlatforms) = postSolution
		{B9D8C0E4-1646-4373-96EC-B3B00C5977AD}.Debug|Any CPU.ActiveCfg = Debug|Any CPU
		{B9D8C0E4-1646-4373-96EC-B3B00C5977AD}.Debug|Any CPU.Build.0 = Debug|Any CPU
		{B9D8C0E4-1646-4373-96EC-B3B00C5977AD}.Release|Any CPU.ActiveCfg = Release|Any CPU
		{B9D8C0E4-1646-4373-96EC-B3B00C5977AD}.Release|Any CPU.Build.0 = Release|Any CPU
		{00EAA4C9-5123-47DA-8134-3DA2EE69BA49}.Debug|Any CPU.ActiveCfg = Debug|Any CPU
		{00EAA4C9-5123-47DA-8134-3DA2EE69BA49}.Debug|Any CPU.Build.0 = Debug|Any CPU
		{00EAA4C9-5123-47DA-8134-3DA2EE69BA49}.Release|Any CPU.ActiveCfg = Release|Any CPU
		{00EAA4C9-5123-47DA-8134-3DA2EE69BA49}.Release|Any CPU.Build.0 = Release|Any CPU
		{17548973-0FFE-4179-B5D2-A8091A3E59BA}.Debug|Any CPU.ActiveCfg = Debug|Any CPU
		{17548973-0FFE-4179-B5D2-A8091A3E59BA}.Debug|Any CPU.Build.0 = Debug|Any CPU
		{17548973-0FFE-4179-B5D2-A8091A3E59BA}.Release|Any CPU.ActiveCfg = Release|Any CPU
		{17548973-0FFE-4179-B5D2-A8091A3E59BA}.Release|Any CPU.Build.0 = Release|Any CPU
		{006B3BE8-509C-4DAD-B200-2CD2E9238D99}.Debug|Any CPU.ActiveCfg = Debug|Any CPU
		{006B3BE8-509C-4DAD-B200-2CD2E9238D99}.Debug|Any CPU.Build.0 = Debug|Any CPU
		{006B3BE8-509C-4DAD-B200-2CD2E9238D99}.Release|Any CPU.ActiveCfg = Release|Any CPU
		{006B3BE8-509C-4DAD-B200-2CD2E9238D99}.Release|Any CPU.Build.0 = Release|Any CPU
	EndGlobalSection
	GlobalSection(SolutionProperties) = preSolution
		HideSolutionNode = FALSE
	EndGlobalSection
	GlobalSection(ExtensibilityGlobals) = postSolution
		SolutionGuid = {18AD7501-038C-47E0-AF76-38B04514BDF0}
	EndGlobalSection
EndGlobal
